{
  "name": "typescript-boilerplate",
  "version": "0.1.0",
  "lockfileVersion": 1,
  "requires": true,
  "dependencies": {
    "@types/history": {
      "version": "4.6.2",
      "resolved": "https://registry.npmjs.org/@types/history/-/history-4.6.2.tgz",
      "integrity": "sha512-eVAb52MJ4lfPLiO9VvTgv8KaZDEIqCwhv+lXOMLlt4C1YHTShgmMULEg0RrCbnqfYd6QKfHsMp0MiX0vWISpSw=="
    },
    "@types/react": {
      "version": "16.0.34",
      "resolved": "https://registry.npmjs.org/@types/react/-/react-16.0.34.tgz",
      "integrity": "sha512-Ee66fX2qMsDnDq7sPnDtq1bGoo479j6Fo1BlSnne+L5rp6ndzBUgz72+MRNuN56zg9uuteRCkJAMdDJEX2Uqig=="
    },
    "@types/react-router": {
      "version": "4.0.20",
      "resolved": "https://registry.npmjs.org/@types/react-router/-/react-router-4.0.20.tgz",
      "integrity": "sha512-6vIB5kSSDoFQE4lfPDD8VYvhVdx4/FtxhYcJPGA7Cz/dANsGricIbMhusmZed7WMiKJBItfmcHT8THdD2Vw4hw==",
      "requires": {
        "@types/history": "4.6.2",
        "@types/react": "16.0.34"
      }
    },
    "@types/react-router-dom": {
      "version": "4.2.3",
      "resolved": "https://registry.npmjs.org/@types/react-router-dom/-/react-router-dom-4.2.3.tgz",
      "integrity": "sha512-q11w7Hw3mM/5C6wwKjres3476IKA7wDbpEjsSl1FsAJ8I5K7zlZmt1NAOvbKBZT4cJ4GQEZPIJWaelsLWd/muw==",
      "requires": {
        "@types/history": "4.6.2",
        "@types/react": "16.0.34",
        "@types/react-router": "4.0.20"
      }
    }
  }
}
